# This file is automatically @generated by Poetry 1.8.2 and should not be changed by hand.

[[package]]
name = "annotated-types"
version = "0.5.0"
description = "Reusable constraint types to use with typing.Annotated"
optional = false
python-versions = ">=3.7"
files = [
    {file = "annotated_types-0.5.0-py3-none-any.whl", hash = "sha256:58da39888f92c276ad970249761ebea80ba544b77acddaa1a4d6cf78287d45fd"},
    {file = "annotated_types-0.5.0.tar.gz", hash = "sha256:47cdc3490d9ac1506ce92c7aaa76c579dc3509ff11e098fc867e5130ab7be802"},
]

[[package]]
name = "anyio"
version = "4.0.0"
description = "High level compatibility layer for multiple asynchronous event loop implementations"
optional = false
python-versions = ">=3.8"
files = [
    {file = "anyio-4.0.0-py3-none-any.whl", hash = "sha256:cfdb2b588b9fc25ede96d8db56ed50848b0b649dca3dd1df0b11f683bb9e0b5f"},
    {file = "anyio-4.0.0.tar.gz", hash = "sha256:f7ed51751b2c2add651e5747c891b47e26d2a21be5d32d9311dfe9692f3e5d7a"},
]

[package.dependencies]
idna = ">=2.8"
sniffio = ">=1.1"

[package.extras]
doc = ["Sphinx (>=7)", "packaging", "sphinx-autodoc-typehints (>=1.2.0)"]
test = ["anyio[trio]", "coverage[toml] (>=7)", "hypothesis (>=4.0)", "psutil (>=5.9)", "pytest (>=7.0)", "pytest-mock (>=3.6.1)", "trustme", "uvloop (>=0.17)"]
trio = ["trio (>=0.22)"]

[[package]]
name = "certifi"
version = "2023.7.22"
description = "Python package for providing Mozilla's CA Bundle."
optional = false
python-versions = ">=3.6"
files = [
    {file = "certifi-2023.7.22-py3-none-any.whl", hash = "sha256:92d6037539857d8206b8f6ae472e8b77db8058fec5937a1ef3f54304089edbb9"},
    {file = "certifi-2023.7.22.tar.gz", hash = "sha256:539cc1d13202e33ca466e88b2807e29f4c13049d6d87031a3c110744495cb082"},
]

[[package]]
name = "colorama"
version = "0.4.6"
description = "Cross-platform colored terminal text."
optional = false
python-versions = "!=3.0.*,!=3.1.*,!=3.2.*,!=3.3.*,!=3.4.*,!=3.5.*,!=3.6.*,>=2.7"
files = [
    {file = "colorama-0.4.6-py2.py3-none-any.whl", hash = "sha256:4f1d9991f5acc0ca119f9d443620b77f9d6b33703e51011c16baf57afb285fc6"},
    {file = "colorama-0.4.6.tar.gz", hash = "sha256:08695f5cb7ed6e0531a20572697297273c47b8cae5a63ffc6d6ed5c201be6e44"},
]

[[package]]
name = "execnet"
version = "2.0.2"
description = "execnet: rapid multi-Python deployment"
optional = false
python-versions = ">=3.7"
files = [
    {file = "execnet-2.0.2-py3-none-any.whl", hash = "sha256:88256416ae766bc9e8895c76a87928c0012183da3cc4fc18016e6f050e025f41"},
    {file = "execnet-2.0.2.tar.gz", hash = "sha256:cc59bc4423742fd71ad227122eb0dd44db51efb3dc4095b45ac9a08c770096af"},
]

[package.extras]
testing = ["hatch", "pre-commit", "pytest", "tox"]

[[package]]
name = "h11"
version = "0.14.0"
description = "A pure-Python, bring-your-own-I/O implementation of HTTP/1.1"
optional = false
python-versions = ">=3.7"
files = [
    {file = "h11-0.14.0-py3-none-any.whl", hash = "sha256:e3fe4ac4b851c468cc8363d500db52c2ead036020723024a109d37346efaa761"},
    {file = "h11-0.14.0.tar.gz", hash = "sha256:8f19fbbe99e72420ff35c00b27a34cb9937e902a8b810e2c88300c6f0a3b699d"},
]

[[package]]
name = "httpcore"
version = "0.18.0"
description = "A minimal low-level HTTP client."
optional = false
python-versions = ">=3.8"
files = [
    {file = "httpcore-0.18.0-py3-none-any.whl", hash = "sha256:adc5398ee0a476567bf87467063ee63584a8bce86078bf748e48754f60202ced"},
    {file = "httpcore-0.18.0.tar.gz", hash = "sha256:13b5e5cd1dca1a6636a6aaea212b19f4f85cd88c366a2b82304181b769aab3c9"},
]

[package.dependencies]
anyio = ">=3.0,<5.0"
certifi = "*"
h11 = ">=0.13,<0.15"
sniffio = "==1.*"

[package.extras]
http2 = ["h2 (>=3,<5)"]
socks = ["socksio (==1.*)"]

[[package]]
name = "httpx"
version = "0.25.0"
description = "The next generation HTTP client."
optional = false
python-versions = ">=3.8"
files = [
    {file = "httpx-0.25.0-py3-none-any.whl", hash = "sha256:181ea7f8ba3a82578be86ef4171554dd45fec26a02556a744db029a0a27b7100"},
    {file = "httpx-0.25.0.tar.gz", hash = "sha256:47ecda285389cb32bb2691cc6e069e3ab0205956f681c5b2ad2325719751d875"},
]

[package.dependencies]
certifi = "*"
httpcore = ">=0.18.0,<0.19.0"
idna = "*"
sniffio = "*"

[package.extras]
brotli = ["brotli", "brotlicffi"]
cli = ["click (==8.*)", "pygments (==2.*)", "rich (>=10,<14)"]
http2 = ["h2 (>=3,<5)"]
socks = ["socksio (==1.*)"]

[[package]]
name = "idna"
version = "3.4"
description = "Internationalized Domain Names in Applications (IDNA)"
optional = false
python-versions = ">=3.5"
files = [
    {file = "idna-3.4-py3-none-any.whl", hash = "sha256:90b77e79eaa3eba6de819a0c442c0b4ceefc341a7a2ab77d7562bf49f425c5c2"},
    {file = "idna-3.4.tar.gz", hash = "sha256:814f528e8dead7d329833b91c5faa87d60bf71824cd12a7530b5526063d02cb4"},
]

[[package]]
name = "iniconfig"
version = "2.0.0"
description = "brain-dead simple config-ini parsing"
optional = false
python-versions = ">=3.7"
files = [
    {file = "iniconfig-2.0.0-py3-none-any.whl", hash = "sha256:b6a85871a79d2e3b22d2d1b94ac2824226a63c6b741c88f7ae975f18b6778374"},
    {file = "iniconfig-2.0.0.tar.gz", hash = "sha256:2d91e135bf72d31a410b17c16da610a82cb55f6b0477d1a902134b24a455b8b3"},
]

[[package]]
name = "markdown-it-py"
version = "3.0.0"
description = "Python port of markdown-it. Markdown parsing, done right!"
optional = false
python-versions = ">=3.8"
files = [
    {file = "markdown-it-py-3.0.0.tar.gz", hash = "sha256:e3f60a94fa066dc52ec76661e37c851cb232d92f9886b15cb560aaada2df8feb"},
    {file = "markdown_it_py-3.0.0-py3-none-any.whl", hash = "sha256:355216845c60bd96232cd8d8c40e8f9765cc86f46880e43a8fd22dc1a1a8cab1"},
]

[package.dependencies]
mdurl = ">=0.1,<1.0"

[package.extras]
benchmarking = ["psutil", "pytest", "pytest-benchmark"]
code-style = ["pre-commit (>=3.0,<4.0)"]
compare = ["commonmark (>=0.9,<1.0)", "markdown (>=3.4,<4.0)", "mistletoe (>=1.0,<2.0)", "mistune (>=2.0,<3.0)", "panflute (>=2.3,<3.0)"]
linkify = ["linkify-it-py (>=1,<3)"]
plugins = ["mdit-py-plugins"]
profiling = ["gprof2dot"]
rtd = ["jupyter_sphinx", "mdit-py-plugins", "myst-parser", "pyyaml", "sphinx", "sphinx-copybutton", "sphinx-design", "sphinx_book_theme"]
testing = ["coverage", "pytest", "pytest-cov", "pytest-regressions"]

[[package]]
name = "mdurl"
version = "0.1.2"
description = "Markdown URL utilities"
optional = false
python-versions = ">=3.7"
files = [
    {file = "mdurl-0.1.2-py3-none-any.whl", hash = "sha256:84008a41e51615a49fc9966191ff91509e3c40b939176e643fd50a5c2196b8f8"},
    {file = "mdurl-0.1.2.tar.gz", hash = "sha256:bb413d29f5eea38f31dd4754dd7377d4465116fb207585f97bf925588687c1ba"},
]

[[package]]
name = "numpy"
version = "1.26.3"
description = "Fundamental package for array computing in Python"
optional = false
python-versions = ">=3.9"
files = [
    {file = "numpy-1.26.3-cp310-cp310-macosx_10_9_x86_64.whl", hash = "sha256:806dd64230dbbfaca8a27faa64e2f414bf1c6622ab78cc4264f7f5f028fee3bf"},
    {file = "numpy-1.26.3-cp310-cp310-macosx_11_0_arm64.whl", hash = "sha256:02f98011ba4ab17f46f80f7f8f1c291ee7d855fcef0a5a98db80767a468c85cd"},
    {file = "numpy-1.26.3-cp310-cp310-manylinux_2_17_aarch64.manylinux2014_aarch64.whl", hash = "sha256:6d45b3ec2faed4baca41c76617fcdcfa4f684ff7a151ce6fc78ad3b6e85af0a6"},
    {file = "numpy-1.26.3-cp310-cp310-manylinux_2_17_x86_64.manylinux2014_x86_64.whl", hash = "sha256:bdd2b45bf079d9ad90377048e2747a0c82351989a2165821f0c96831b4a2a54b"},
    {file = "numpy-1.26.3-cp310-cp310-musllinux_1_1_aarch64.whl", hash = "sha256:211ddd1e94817ed2d175b60b6374120244a4dd2287f4ece45d49228b4d529178"},
    {file = "numpy-1.26.3-cp310-cp310-musllinux_1_1_x86_64.whl", hash = "sha256:b1240f767f69d7c4c8a29adde2310b871153df9b26b5cb2b54a561ac85146485"},
    {file = "numpy-1.26.3-cp310-cp310-win32.whl", hash = "sha256:21a9484e75ad018974a2fdaa216524d64ed4212e418e0a551a2d83403b0531d3"},
    {file = "numpy-1.26.3-cp310-cp310-win_amd64.whl", hash = "sha256:9e1591f6ae98bcfac2a4bbf9221c0b92ab49762228f38287f6eeb5f3f55905ce"},
    {file = "numpy-1.26.3-cp311-cp311-macosx_10_9_x86_64.whl", hash = "sha256:b831295e5472954104ecb46cd98c08b98b49c69fdb7040483aff799a755a7374"},
    {file = "numpy-1.26.3-cp311-cp311-macosx_11_0_arm64.whl", hash = "sha256:9e87562b91f68dd8b1c39149d0323b42e0082db7ddb8e934ab4c292094d575d6"},
    {file = "numpy-1.26.3-cp311-cp311-manylinux_2_17_aarch64.manylinux2014_aarch64.whl", hash = "sha256:8c66d6fec467e8c0f975818c1796d25c53521124b7cfb760114be0abad53a0a2"},
    {file = "numpy-1.26.3-cp311-cp311-manylinux_2_17_x86_64.manylinux2014_x86_64.whl", hash = "sha256:f25e2811a9c932e43943a2615e65fc487a0b6b49218899e62e426e7f0a57eeda"},
    {file = "numpy-1.26.3-cp311-cp311-musllinux_1_1_aarch64.whl", hash = "sha256:af36e0aa45e25c9f57bf684b1175e59ea05d9a7d3e8e87b7ae1a1da246f2767e"},
    {file = "numpy-1.26.3-cp311-cp311-musllinux_1_1_x86_64.whl", hash = "sha256:51c7f1b344f302067b02e0f5b5d2daa9ed4a721cf49f070280ac202738ea7f00"},
    {file = "numpy-1.26.3-cp311-cp311-win32.whl", hash = "sha256:7ca4f24341df071877849eb2034948459ce3a07915c2734f1abb4018d9c49d7b"},
    {file = "numpy-1.26.3-cp311-cp311-win_amd64.whl", hash = "sha256:39763aee6dfdd4878032361b30b2b12593fb445ddb66bbac802e2113eb8a6ac4"},
    {file = "numpy-1.26.3-cp312-cp312-macosx_10_9_x86_64.whl", hash = "sha256:a7081fd19a6d573e1a05e600c82a1c421011db7935ed0d5c483e9dd96b99cf13"},
    {file = "numpy-1.26.3-cp312-cp312-macosx_11_0_arm64.whl", hash = "sha256:12c70ac274b32bc00c7f61b515126c9205323703abb99cd41836e8125ea0043e"},
    {file = "numpy-1.26.3-cp312-cp312-manylinux_2_17_aarch64.manylinux2014_aarch64.whl", hash = "sha256:7f784e13e598e9594750b2ef6729bcd5a47f6cfe4a12cca13def35e06d8163e3"},
    {file = "numpy-1.26.3-cp312-cp312-manylinux_2_17_x86_64.manylinux2014_x86_64.whl", hash = "sha256:5f24750ef94d56ce6e33e4019a8a4d68cfdb1ef661a52cdaee628a56d2437419"},
    {file = "numpy-1.26.3-cp312-cp312-musllinux_1_1_aarch64.whl", hash = "sha256:77810ef29e0fb1d289d225cabb9ee6cf4d11978a00bb99f7f8ec2132a84e0166"},
    {file = "numpy-1.26.3-cp312-cp312-musllinux_1_1_x86_64.whl", hash = "sha256:8ed07a90f5450d99dad60d3799f9c03c6566709bd53b497eb9ccad9a55867f36"},
    {file = "numpy-1.26.3-cp312-cp312-win32.whl", hash = "sha256:f73497e8c38295aaa4741bdfa4fda1a5aedda5473074369eca10626835445511"},
    {file = "numpy-1.26.3-cp312-cp312-win_amd64.whl", hash = "sha256:da4b0c6c699a0ad73c810736303f7fbae483bcb012e38d7eb06a5e3b432c981b"},
    {file = "numpy-1.26.3-cp39-cp39-macosx_10_9_x86_64.whl", hash = "sha256:1666f634cb3c80ccbd77ec97bc17337718f56d6658acf5d3b906ca03e90ce87f"},
    {file = "numpy-1.26.3-cp39-cp39-macosx_11_0_arm64.whl", hash = "sha256:18c3319a7d39b2c6a9e3bb75aab2304ab79a811ac0168a671a62e6346c29b03f"},
    {file = "numpy-1.26.3-cp39-cp39-manylinux_2_17_aarch64.manylinux2014_aarch64.whl", hash = "sha256:0b7e807d6888da0db6e7e75838444d62495e2b588b99e90dd80c3459594e857b"},
    {file = "numpy-1.26.3-cp39-cp39-manylinux_2_17_x86_64.manylinux2014_x86_64.whl", hash = "sha256:b4d362e17bcb0011738c2d83e0a65ea8ce627057b2fdda37678f4374a382a137"},
    {file = "numpy-1.26.3-cp39-cp39-musllinux_1_1_aarch64.whl", hash = "sha256:b8c275f0ae90069496068c714387b4a0eba5d531aace269559ff2b43655edd58"},
    {file = "numpy-1.26.3-cp39-cp39-musllinux_1_1_x86_64.whl", hash = "sha256:cc0743f0302b94f397a4a65a660d4cd24267439eb16493fb3caad2e4389bccbb"},
    {file = "numpy-1.26.3-cp39-cp39-win32.whl", hash = "sha256:9bc6d1a7f8cedd519c4b7b1156d98e051b726bf160715b769106661d567b3f03"},
    {file = "numpy-1.26.3-cp39-cp39-win_amd64.whl", hash = "sha256:867e3644e208c8922a3be26fc6bbf112a035f50f0a86497f98f228c50c607bb2"},
    {file = "numpy-1.26.3-pp39-pypy39_pp73-macosx_10_9_x86_64.whl", hash = "sha256:3c67423b3703f8fbd90f5adaa37f85b5794d3366948efe9a5190a5f3a83fc34e"},
    {file = "numpy-1.26.3-pp39-pypy39_pp73-manylinux_2_17_x86_64.manylinux2014_x86_64.whl", hash = "sha256:46f47ee566d98849323f01b349d58f2557f02167ee301e5e28809a8c0e27a2d0"},
    {file = "numpy-1.26.3-pp39-pypy39_pp73-win_amd64.whl", hash = "sha256:a8474703bffc65ca15853d5fd4d06b18138ae90c17c8d12169968e998e448bb5"},
    {file = "numpy-1.26.3.tar.gz", hash = "sha256:697df43e2b6310ecc9d95f05d5ef20eacc09c7c4ecc9da3f235d39e71b7da1e4"},
]

[[package]]
name = "packaging"
version = "23.2"
description = "Core utilities for Python packages"
optional = false
python-versions = ">=3.7"
files = [
    {file = "packaging-23.2-py3-none-any.whl", hash = "sha256:8c491190033a9af7e1d931d0b5dacc2ef47509b34dd0de67ed209b5203fc88c7"},
    {file = "packaging-23.2.tar.gz", hash = "sha256:048fb0e9405036518eaaf48a55953c750c11e1a1b68e0dd1a9d62ed0c092cfc5"},
]

[[package]]
name = "pandas"
version = "2.1.4"
description = "Powerful data structures for data analysis, time series, and statistics"
optional = false
python-versions = ">=3.9"
files = [
    {file = "pandas-2.1.4-cp310-cp310-macosx_10_9_x86_64.whl", hash = "sha256:bdec823dc6ec53f7a6339a0e34c68b144a7a1fd28d80c260534c39c62c5bf8c9"},
    {file = "pandas-2.1.4-cp310-cp310-macosx_11_0_arm64.whl", hash = "sha256:294d96cfaf28d688f30c918a765ea2ae2e0e71d3536754f4b6de0ea4a496d034"},
    {file = "pandas-2.1.4-cp310-cp310-manylinux_2_17_aarch64.manylinux2014_aarch64.whl", hash = "sha256:6b728fb8deba8905b319f96447a27033969f3ea1fea09d07d296c9030ab2ed1d"},
    {file = "pandas-2.1.4-cp310-cp310-manylinux_2_17_x86_64.manylinux2014_x86_64.whl", hash = "sha256:00028e6737c594feac3c2df15636d73ace46b8314d236100b57ed7e4b9ebe8d9"},
    {file = "pandas-2.1.4-cp310-cp310-musllinux_1_1_x86_64.whl", hash = "sha256:426dc0f1b187523c4db06f96fb5c8d1a845e259c99bda74f7de97bd8a3bb3139"},
    {file = "pandas-2.1.4-cp310-cp310-win_amd64.whl", hash = "sha256:f237e6ca6421265643608813ce9793610ad09b40154a3344a088159590469e46"},
    {file = "pandas-2.1.4-cp311-cp311-macosx_10_9_x86_64.whl", hash = "sha256:b7d852d16c270e4331f6f59b3e9aa23f935f5c4b0ed2d0bc77637a8890a5d092"},
    {file = "pandas-2.1.4-cp311-cp311-macosx_11_0_arm64.whl", hash = "sha256:bd7d5f2f54f78164b3d7a40f33bf79a74cdee72c31affec86bfcabe7e0789821"},
    {file = "pandas-2.1.4-cp311-cp311-manylinux_2_17_aarch64.manylinux2014_aarch64.whl", hash = "sha256:0aa6e92e639da0d6e2017d9ccff563222f4eb31e4b2c3cf32a2a392fc3103c0d"},
    {file = "pandas-2.1.4-cp311-cp311-manylinux_2_17_x86_64.manylinux2014_x86_64.whl", hash = "sha256:d797591b6846b9db79e65dc2d0d48e61f7db8d10b2a9480b4e3faaddc421a171"},
    {file = "pandas-2.1.4-cp311-cp311-musllinux_1_1_x86_64.whl", hash = "sha256:d2d3e7b00f703aea3945995ee63375c61b2e6aa5aa7871c5d622870e5e137623"},
    {file = "pandas-2.1.4-cp311-cp311-win_amd64.whl", hash = "sha256:dc9bf7ade01143cddc0074aa6995edd05323974e6e40d9dbde081021ded8510e"},
    {file = "pandas-2.1.4-cp312-cp312-macosx_10_9_x86_64.whl", hash = "sha256:482d5076e1791777e1571f2e2d789e940dedd927325cc3cb6d0800c6304082f6"},
    {file = "pandas-2.1.4-cp312-cp312-macosx_11_0_arm64.whl", hash = "sha256:8a706cfe7955c4ca59af8c7a0517370eafbd98593155b48f10f9811da440248b"},
    {file = "pandas-2.1.4-cp312-cp312-manylinux_2_17_aarch64.manylinux2014_aarch64.whl", hash = "sha256:b0513a132a15977b4a5b89aabd304647919bc2169eac4c8536afb29c07c23540"},
    {file = "pandas-2.1.4-cp312-cp312-manylinux_2_17_x86_64.manylinux2014_x86_64.whl", hash = "sha256:e9f17f2b6fc076b2a0078862547595d66244db0f41bf79fc5f64a5c4d635bead"},
    {file = "pandas-2.1.4-cp312-cp312-musllinux_1_1_x86_64.whl", hash = "sha256:45d63d2a9b1b37fa6c84a68ba2422dc9ed018bdaa668c7f47566a01188ceeec1"},
    {file = "pandas-2.1.4-cp312-cp312-win_amd64.whl", hash = "sha256:f69b0c9bb174a2342818d3e2778584e18c740d56857fc5cdb944ec8bbe4082cf"},
    {file = "pandas-2.1.4-cp39-cp39-macosx_10_9_x86_64.whl", hash = "sha256:3f06bda01a143020bad20f7a85dd5f4a1600112145f126bc9e3e42077c24ef34"},
    {file = "pandas-2.1.4-cp39-cp39-macosx_11_0_arm64.whl", hash = "sha256:ab5796839eb1fd62a39eec2916d3e979ec3130509930fea17fe6f81e18108f6a"},
    {file = "pandas-2.1.4-cp39-cp39-manylinux_2_17_aarch64.manylinux2014_aarch64.whl", hash = "sha256:edbaf9e8d3a63a9276d707b4d25930a262341bca9874fcb22eff5e3da5394732"},
    {file = "pandas-2.1.4-cp39-cp39-manylinux_2_17_x86_64.manylinux2014_x86_64.whl", hash = "sha256:1ebfd771110b50055712b3b711b51bee5d50135429364d0498e1213a7adc2be8"},
    {file = "pandas-2.1.4-cp39-cp39-musllinux_1_1_x86_64.whl", hash = "sha256:8ea107e0be2aba1da619cc6ba3f999b2bfc9669a83554b1904ce3dd9507f0860"},
    {file = "pandas-2.1.4-cp39-cp39-win_amd64.whl", hash = "sha256:d65148b14788b3758daf57bf42725caa536575da2b64df9964c563b015230984"},
    {file = "pandas-2.1.4.tar.gz", hash = "sha256:fcb68203c833cc735321512e13861358079a96c174a61f5116a1de89c58c0ef7"},
]

[package.dependencies]
numpy = [
    {version = ">=1.23.2,<2", markers = "python_version == \"3.11\""},
    {version = ">=1.26.0,<2", markers = "python_version >= \"3.12\""},
]
python-dateutil = ">=2.8.2"
pytz = ">=2020.1"
tzdata = ">=2022.1"

[package.extras]
all = ["PyQt5 (>=5.15.6)", "SQLAlchemy (>=1.4.36)", "beautifulsoup4 (>=4.11.1)", "bottleneck (>=1.3.4)", "dataframe-api-compat (>=0.1.7)", "fastparquet (>=0.8.1)", "fsspec (>=2022.05.0)", "gcsfs (>=2022.05.0)", "html5lib (>=1.1)", "hypothesis (>=6.46.1)", "jinja2 (>=3.1.2)", "lxml (>=4.8.0)", "matplotlib (>=3.6.1)", "numba (>=0.55.2)", "numexpr (>=2.8.0)", "odfpy (>=1.4.1)", "openpyxl (>=3.0.10)", "pandas-gbq (>=0.17.5)", "psycopg2 (>=2.9.3)", "pyarrow (>=7.0.0)", "pymysql (>=1.0.2)", "pyreadstat (>=1.1.5)", "pytest (>=7.3.2)", "pytest-xdist (>=2.2.0)", "pyxlsb (>=1.0.9)", "qtpy (>=2.2.0)", "s3fs (>=2022.05.0)", "scipy (>=1.8.1)", "tables (>=3.7.0)", "tabulate (>=0.8.10)", "xarray (>=2022.03.0)", "xlrd (>=2.0.1)", "xlsxwriter (>=3.0.3)", "zstandard (>=0.17.0)"]
aws = ["s3fs (>=2022.05.0)"]
clipboard = ["PyQt5 (>=5.15.6)", "qtpy (>=2.2.0)"]
compression = ["zstandard (>=0.17.0)"]
computation = ["scipy (>=1.8.1)", "xarray (>=2022.03.0)"]
consortium-standard = ["dataframe-api-compat (>=0.1.7)"]
excel = ["odfpy (>=1.4.1)", "openpyxl (>=3.0.10)", "pyxlsb (>=1.0.9)", "xlrd (>=2.0.1)", "xlsxwriter (>=3.0.3)"]
feather = ["pyarrow (>=7.0.0)"]
fss = ["fsspec (>=2022.05.0)"]
gcp = ["gcsfs (>=2022.05.0)", "pandas-gbq (>=0.17.5)"]
hdf5 = ["tables (>=3.7.0)"]
html = ["beautifulsoup4 (>=4.11.1)", "html5lib (>=1.1)", "lxml (>=4.8.0)"]
mysql = ["SQLAlchemy (>=1.4.36)", "pymysql (>=1.0.2)"]
output-formatting = ["jinja2 (>=3.1.2)", "tabulate (>=0.8.10)"]
parquet = ["pyarrow (>=7.0.0)"]
performance = ["bottleneck (>=1.3.4)", "numba (>=0.55.2)", "numexpr (>=2.8.0)"]
plot = ["matplotlib (>=3.6.1)"]
postgresql = ["SQLAlchemy (>=1.4.36)", "psycopg2 (>=2.9.3)"]
spss = ["pyreadstat (>=1.1.5)"]
sql-other = ["SQLAlchemy (>=1.4.36)"]
test = ["hypothesis (>=6.46.1)", "pytest (>=7.3.2)", "pytest-xdist (>=2.2.0)"]
xml = ["lxml (>=4.8.0)"]

[[package]]
name = "pluggy"
version = "1.3.0"
description = "plugin and hook calling mechanisms for python"
optional = false
python-versions = ">=3.8"
files = [
    {file = "pluggy-1.3.0-py3-none-any.whl", hash = "sha256:d89c696a773f8bd377d18e5ecda92b7a3793cbe66c87060a6fb58c7b6e1061f7"},
    {file = "pluggy-1.3.0.tar.gz", hash = "sha256:cf61ae8f126ac6f7c451172cf30e3e43d3ca77615509771b3a984a0730651e12"},
]

[package.extras]
dev = ["pre-commit", "tox"]
testing = ["pytest", "pytest-benchmark"]

[[package]]
name = "pydantic"
version = "2.4.0"
description = "Data validation using Python type hints"
optional = false
python-versions = ">=3.7"
files = [
    {file = "pydantic-2.4.0-py3-none-any.whl", hash = "sha256:909b2b7d7be775a890631218e8c4b6b5418c9b6c57074ae153e5c09b73bf06a3"},
    {file = "pydantic-2.4.0.tar.gz", hash = "sha256:54216ccb537a606579f53d7f6ed912e98fffce35aff93b25cd80b1c2ca806fc3"},
]

[package.dependencies]
annotated-types = ">=0.4.0"
pydantic-core = "2.10.0"
typing-extensions = ">=4.6.1"

[package.extras]
email = ["email-validator (>=2.0.0)"]

[[package]]
name = "pydantic-core"
version = "2.10.0"
description = ""
optional = false
python-versions = ">=3.7"
files = [
    {file = "pydantic_core-2.10.0-cp310-cp310-macosx_10_7_x86_64.whl", hash = "sha256:daea90360d99ad06a3f686b3e628222ac3aa953b1982f13be5b69b2648c5e6bb"},
    {file = "pydantic_core-2.10.0-cp310-cp310-macosx_11_0_arm64.whl", hash = "sha256:5f76cb8d68d87fd05e56aba392c841d98eeb3ad378bcf5331b42bac7afee0d66"},
    {file = "pydantic_core-2.10.0-cp310-cp310-manylinux_2_17_aarch64.manylinux2014_aarch64.whl", hash = "sha256:5e816d042f80dd630aaedbc75c21084da9e1d7ea5918619b8089c7edaedd57e8"},
    {file = "pydantic_core-2.10.0-cp310-cp310-manylinux_2_17_armv7l.manylinux2014_armv7l.whl", hash = "sha256:7192492b09c1e4ad103e5cb98eb397f9b61a9037fce03e94cafe3238404dbe0f"},
    {file = "pydantic_core-2.10.0-cp310-cp310-manylinux_2_17_ppc64le.manylinux2014_ppc64le.whl", hash = "sha256:312831c5bf50d9d432c11baf9bbd8d8961740608ccbc66fb1290d532aff21b18"},
    {file = "pydantic_core-2.10.0-cp310-cp310-manylinux_2_17_s390x.manylinux2014_s390x.whl", hash = "sha256:873db84afcbcf3f1ed0040ed9c5534bc1af5d647d13c04be12f3568421f5dd3e"},
    {file = "pydantic_core-2.10.0-cp310-cp310-manylinux_2_17_x86_64.manylinux2014_x86_64.whl", hash = "sha256:0aa8bdc2d78afadd191148726f094be81d5e4b76011f8fa9300f317e06a1b732"},
    {file = "pydantic_core-2.10.0-cp310-cp310-manylinux_2_5_i686.manylinux1_i686.whl", hash = "sha256:7cbf77664099345a25932ebe25d7bf9a330fc29acd9a909e8751ac0c42097fb3"},
    {file = "pydantic_core-2.10.0-cp310-cp310-musllinux_1_1_aarch64.whl", hash = "sha256:a537e87ca600e59e532fbc770a60f9f3a5ebcff9bae8c60aceeec5beb326e1b8"},
    {file = "pydantic_core-2.10.0-cp310-cp310-musllinux_1_1_x86_64.whl", hash = "sha256:ed5f8d6cb834c80fb813d233f9bfb60d3453b7450c80c0814b8e78c23d1ea8bf"},
    {file = "pydantic_core-2.10.0-cp310-none-win32.whl", hash = "sha256:0e210107faf47d5965fcebc294c41891573adab36e5cf70731c57d0068fc7c5c"},
    {file = "pydantic_core-2.10.0-cp310-none-win_amd64.whl", hash = "sha256:9527cf9c25fd655617620c8d6cb43216c0ce5779871ab7f83175421267b85199"},
    {file = "pydantic_core-2.10.0-cp311-cp311-macosx_10_7_x86_64.whl", hash = "sha256:ab2d56dfa13244164f0ba8125d8315c799fa0150459b88fc42ed5c1e3c04d47a"},
    {file = "pydantic_core-2.10.0-cp311-cp311-macosx_11_0_arm64.whl", hash = "sha256:d1e79893a20207ff671f13f5562c1f0aaece030e6e30252683f536286ba89864"},
    {file = "pydantic_core-2.10.0-cp311-cp311-manylinux_2_17_aarch64.manylinux2014_aarch64.whl", hash = "sha256:030ba2f59e78c8732445d8c9f093579674f2b5b93b3960945face14ec2e82682"},
    {file = "pydantic_core-2.10.0-cp311-cp311-manylinux_2_17_armv7l.manylinux2014_armv7l.whl", hash = "sha256:705fad71297dfedc5c9e3c935702864aa0cc7812be11ac544f152677ba6ea430"},
    {file = "pydantic_core-2.10.0-cp311-cp311-manylinux_2_17_ppc64le.manylinux2014_ppc64le.whl", hash = "sha256:394a8ce4a7495af8dbf33038daf57a6170be15f8d1d92a7b63c6f2211527d950"},
    {file = "pydantic_core-2.10.0-cp311-cp311-manylinux_2_17_s390x.manylinux2014_s390x.whl", hash = "sha256:19c7aa3c0ff08ddc91597d8af08f8c4de59b27fe752b3bd1db9a67f6f08c4020"},
    {file = "pydantic_core-2.10.0-cp311-cp311-manylinux_2_17_x86_64.manylinux2014_x86_64.whl", hash = "sha256:fb204346d3eda4e0c63cbeeec6398a52682ac51f9cf7379a13505863e47d3186"},
    {file = "pydantic_core-2.10.0-cp311-cp311-manylinux_2_5_i686.manylinux1_i686.whl", hash = "sha256:b1fefe63baa04f1d9dd5b4564b1e73d133e1c745589933d7ef9718235915cc81"},
    {file = "pydantic_core-2.10.0-cp311-cp311-musllinux_1_1_aarch64.whl", hash = "sha256:fa4bd88165d860111e860e8b43efd97afd137a9165cf24eb3cfb2371f57452bf"},
    {file = "pydantic_core-2.10.0-cp311-cp311-musllinux_1_1_x86_64.whl", hash = "sha256:9e21ab9c49cc58282c228ff89fb4a5e4b447233ccd53acb7f333d1cde58df37b"},
    {file = "pydantic_core-2.10.0-cp311-none-win32.whl", hash = "sha256:2a6f28e2b2a5cef3b52b5ac6c6d64fe810ca51ec57081554f447c818778eea09"},
    {file = "pydantic_core-2.10.0-cp311-none-win_amd64.whl", hash = "sha256:f94539aa4265ab5528d8c3dc4505a19369083c29d0713b8ed536f93b9bc1e94f"},
    {file = "pydantic_core-2.10.0-cp311-none-win_arm64.whl", hash = "sha256:2352f7cb8ef0cd21fbc582abe2a14105d7e8400f97a551ca2e3b05dee77525d2"},
    {file = "pydantic_core-2.10.0-cp312-cp312-macosx_10_7_x86_64.whl", hash = "sha256:c2a126c7271a9421005a0f57cf71294ad49c375e4d0a9198b93665796f49e7f7"},
    {file = "pydantic_core-2.10.0-cp312-cp312-macosx_11_0_arm64.whl", hash = "sha256:7440933341f655a64456065211cf7657c3cf3524d5b0b02f5d9b63ef5a7e0d49"},
    {file = "pydantic_core-2.10.0-cp312-cp312-manylinux_2_17_aarch64.manylinux2014_aarch64.whl", hash = "sha256:85d8225cd08aacb8a2843cf0a0a72f1c403c6ac6f18d4cfeecabe050f80c9ea3"},
    {file = "pydantic_core-2.10.0-cp312-cp312-manylinux_2_17_armv7l.manylinux2014_armv7l.whl", hash = "sha256:573e89b3da5908f564ae54b6284e20b490158681e91e1776a59dfda17ec0a6a8"},
    {file = "pydantic_core-2.10.0-cp312-cp312-manylinux_2_17_ppc64le.manylinux2014_ppc64le.whl", hash = "sha256:b0061965942489e6da23f0399b1136fd10eff0a4f0cefae13369eba1776e22a6"},
    {file = "pydantic_core-2.10.0-cp312-cp312-manylinux_2_17_s390x.manylinux2014_s390x.whl", hash = "sha256:725f0276402773a6b61b6f67bf9562f37ba08a8bfebdfb9990eea786ed5711b2"},
    {file = "pydantic_core-2.10.0-cp312-cp312-manylinux_2_17_x86_64.manylinux2014_x86_64.whl", hash = "sha256:25cacd12689b1a357ae6212c7f5980ebf487720db5bbf1bb5d91085226b6a962"},
    {file = "pydantic_core-2.10.0-cp312-cp312-manylinux_2_5_i686.manylinux1_i686.whl", hash = "sha256:e70c6c882ab101a72010c8f91e87db211fa2aaf6aa51acc7160fe5649630ed75"},
    {file = "pydantic_core-2.10.0-cp312-cp312-musllinux_1_1_aarch64.whl", hash = "sha256:e079540fd4c45c23de4465cafb20cddcd8befe3b5f46505a2eb28e49b9d13ee2"},
    {file = "pydantic_core-2.10.0-cp312-cp312-musllinux_1_1_x86_64.whl", hash = "sha256:98474284adb71c8738e5efb71ccb1382d8d66f042ad0875018c78bcb38ac0f47"},
    {file = "pydantic_core-2.10.0-cp312-none-win32.whl", hash = "sha256:ab1fa046ef9058ceef941b576c5e7711bab3d99be00a304fb4726cf4b94e05ff"},
    {file = "pydantic_core-2.10.0-cp312-none-win_amd64.whl", hash = "sha256:b4df023610af081d6da85328411fed7aacf19e939fe955bb31f29212f8dcf306"},
    {file = "pydantic_core-2.10.0-cp312-none-win_arm64.whl", hash = "sha256:f1a70f99d1a7270d4f321a8824e87d5b88acd64c2af6049915b7fd8215437e04"},
    {file = "pydantic_core-2.10.0-cp37-cp37m-macosx_10_7_x86_64.whl", hash = "sha256:f622778eb180cf7eba25e65d2fe37a57a0eadd8403df4c44606b56d204f686de"},
    {file = "pydantic_core-2.10.0-cp37-cp37m-macosx_11_0_arm64.whl", hash = "sha256:fb513fc74bdf5f649e6e855fc87ed9b81ee8b0be96717190f9e00683244f0616"},
    {file = "pydantic_core-2.10.0-cp37-cp37m-manylinux_2_17_aarch64.manylinux2014_aarch64.whl", hash = "sha256:82c3f0752547f928e4fcfb00151d6deb9124be7d35e012c567429fe93ec71b71"},
    {file = "pydantic_core-2.10.0-cp37-cp37m-manylinux_2_17_armv7l.manylinux2014_armv7l.whl", hash = "sha256:100bbd622433d9d7ca8ee4fa63dfae90f9f38358558955173aed6ed56c573db8"},
    {file = "pydantic_core-2.10.0-cp37-cp37m-manylinux_2_17_ppc64le.manylinux2014_ppc64le.whl", hash = "sha256:8f919d17581fdf6e71ff3d3fe4b02ed32aaa0429e0b4346798de7a1361e098ef"},
    {file = "pydantic_core-2.10.0-cp37-cp37m-manylinux_2_17_s390x.manylinux2014_s390x.whl", hash = "sha256:f32df1d8d383e1b729674ad1053d8f43f7ed79848496d3cb6ca81a906318317b"},
    {file = "pydantic_core-2.10.0-cp37-cp37m-manylinux_2_17_x86_64.manylinux2014_x86_64.whl", hash = "sha256:ab4d279c480e83c516e4e0b7b1f882f168f614d9c62e18ab779edef0cd13aaa9"},
    {file = "pydantic_core-2.10.0-cp37-cp37m-manylinux_2_5_i686.manylinux1_i686.whl", hash = "sha256:c394e9ed6f9e6f4af3618c34bc15f2af4237f7d1989b7f45588f8e855bc10e08"},
    {file = "pydantic_core-2.10.0-cp37-cp37m-musllinux_1_1_aarch64.whl", hash = "sha256:bc0a33779fded534ff0b5d8ef766a1c94d3e740877ea8adab65cbf1878ba03b4"},
    {file = "pydantic_core-2.10.0-cp37-cp37m-musllinux_1_1_x86_64.whl", hash = "sha256:c1041d8fcd313c68b77dec6a16bf1d690008270b50eec11e96d89e1b4ba756b1"},
    {file = "pydantic_core-2.10.0-cp37-none-win32.whl", hash = "sha256:68992f78507e95ed63ca87b8b177785d9806cde34ca3a9f98382188dd11d8720"},
    {file = "pydantic_core-2.10.0-cp37-none-win_amd64.whl", hash = "sha256:aa45f0846773cb142252ccef66b096d917bb76c6ef9da1aa747e6b44aa318192"},
    {file = "pydantic_core-2.10.0-cp38-cp38-macosx_10_7_x86_64.whl", hash = "sha256:a04054b91afc41282a0a7426147654849136b37a41da86412d4ff5ba51b9cd2f"},
    {file = "pydantic_core-2.10.0-cp38-cp38-macosx_11_0_arm64.whl", hash = "sha256:1c1bfa2ca352bf43d34b7099f8ed675deb88113bd36c76880f4ca18fc0d3af50"},
    {file = "pydantic_core-2.10.0-cp38-cp38-manylinux_2_17_aarch64.manylinux2014_aarch64.whl", hash = "sha256:ba288fa675b2951e7898ebfdd8defa0e958e514d4d1cc7a5f6a8d627378c0c47"},
    {file = "pydantic_core-2.10.0-cp38-cp38-manylinux_2_17_armv7l.manylinux2014_armv7l.whl", hash = "sha256:fbba90179672707ab69ad19ef7d3c3f0a8e2f0a0579f0eb79649ffcdacf476d0"},
    {file = "pydantic_core-2.10.0-cp38-cp38-manylinux_2_17_ppc64le.manylinux2014_ppc64le.whl", hash = "sha256:7c6915a9b3dd16e016dba7e76070e667eca50530f957daa5b78c73abbf281b25"},
    {file = "pydantic_core-2.10.0-cp38-cp38-manylinux_2_17_s390x.manylinux2014_s390x.whl", hash = "sha256:9e72c1e06a20c10b9c5f7a3fe09ec46e0e208c65a69d2efb92a3e1b64443e6c3"},
    {file = "pydantic_core-2.10.0-cp38-cp38-manylinux_2_17_x86_64.manylinux2014_x86_64.whl", hash = "sha256:0b50848d1a614093c05c97d0fdf841ef547d8c087fbd06f6eafe8ef1d836d6c1"},
    {file = "pydantic_core-2.10.0-cp38-cp38-manylinux_2_5_i686.manylinux1_i686.whl", hash = "sha256:ad7b5f4352f3dfcc481b008bce3b3931a485a93112deaa0a25bee2817d3f7b98"},
    {file = "pydantic_core-2.10.0-cp38-cp38-musllinux_1_1_aarch64.whl", hash = "sha256:66c0169457733a4dfe72be51dd359414eddd0738b15dda07827f18a10e9f6ab7"},
    {file = "pydantic_core-2.10.0-cp38-cp38-musllinux_1_1_x86_64.whl", hash = "sha256:e24d92d3a60d6eb19a1bd0f1f259369f478e0f34412a33e794da6cdaa36218be"},
    {file = "pydantic_core-2.10.0-cp38-none-win32.whl", hash = "sha256:30c5df611afc5a9f2ad48babe2192f9cf0d12ed6c0dd5eb57b3538491c113737"},
    {file = "pydantic_core-2.10.0-cp38-none-win_amd64.whl", hash = "sha256:d72a561d7c0738ae5d05a709c739b2953d05e18151539750ca9622f3438de041"},
    {file = "pydantic_core-2.10.0-cp39-cp39-macosx_10_7_x86_64.whl", hash = "sha256:7cecd7669b1ebee8ae90f5aa7d459770b6e79db7b95983aacc5b7392a050b9ab"},
    {file = "pydantic_core-2.10.0-cp39-cp39-macosx_11_0_arm64.whl", hash = "sha256:923000ea46def1bdded511b5792ec19866909797a05dc8f75342c6a9cacb2d66"},
    {file = "pydantic_core-2.10.0-cp39-cp39-manylinux_2_17_aarch64.manylinux2014_aarch64.whl", hash = "sha256:729a2fc4bc1564d164258eaf138ab4c03baa2080a5e3f91a9b3cb2d758248b8f"},
    {file = "pydantic_core-2.10.0-cp39-cp39-manylinux_2_17_armv7l.manylinux2014_armv7l.whl", hash = "sha256:6930eaf3aa2ba660ed3f64206902a534f454f9954e5de06354e20d890bebbd8a"},
    {file = "pydantic_core-2.10.0-cp39-cp39-manylinux_2_17_ppc64le.manylinux2014_ppc64le.whl", hash = "sha256:d0b17e8d08a1c94efb91d8d389ec76a32fc3f85ba06626b5ef0c2d6bffcbe066"},
    {file = "pydantic_core-2.10.0-cp39-cp39-manylinux_2_17_s390x.manylinux2014_s390x.whl", hash = "sha256:c61755149ba534123ae08e6aa814aa34f47c6ba45a622ea98ddd7860b5312767"},
    {file = "pydantic_core-2.10.0-cp39-cp39-manylinux_2_17_x86_64.manylinux2014_x86_64.whl", hash = "sha256:22b126893f53c789ad2253c9288a59362171a5bafbb865190c43d430dc805edb"},
    {file = "pydantic_core-2.10.0-cp39-cp39-manylinux_2_5_i686.manylinux1_i686.whl", hash = "sha256:776eee60ca8ca3de83add0fb95a0034ac965a12590bb22ec09b05c87870ba401"},
    {file = "pydantic_core-2.10.0-cp39-cp39-musllinux_1_1_aarch64.whl", hash = "sha256:b1496f38e49c7960461002768c5f4c9ba9720fe259cd5c8b229cd0b3b0861844"},
    {file = "pydantic_core-2.10.0-cp39-cp39-musllinux_1_1_x86_64.whl", hash = "sha256:cd175beab2ac845a90d31bb4ea8e6c1e8be12efaf14b9918d0ab4828dd3c916b"},
    {file = "pydantic_core-2.10.0-cp39-none-win32.whl", hash = "sha256:391805e8a4ad731e729a22d8e14bad2d724915d28618be6c66dc7ccb421a13a0"},
    {file = "pydantic_core-2.10.0-cp39-none-win_amd64.whl", hash = "sha256:7e2360b86b21e2aab8d4f1ce2551e2b731bc30610b7cc9324ea7517af4375b08"},
    {file = "pydantic_core-2.10.0-pp310-pypy310_pp73-macosx_10_7_x86_64.whl", hash = "sha256:b40221d1490f2c6e488d2576773a574d42436b5aba1faed91f59a9feb82c384b"},
    {file = "pydantic_core-2.10.0-pp310-pypy310_pp73-macosx_11_0_arm64.whl", hash = "sha256:9f3b25201efe20d182f3bd6fe8d99685f4ed01cac67b79c017c9cf688b747263"},
    {file = "pydantic_core-2.10.0-pp310-pypy310_pp73-manylinux_2_17_aarch64.manylinux2014_aarch64.whl", hash = "sha256:34a45943bb14275e9681fd4abafbe3acae1e7dac7248bebf38ac5bde492e00f7"},
    {file = "pydantic_core-2.10.0-pp310-pypy310_pp73-manylinux_2_17_x86_64.manylinux2014_x86_64.whl", hash = "sha256:bc5be7a29a6b25a186941e9e2b5f9281c05723628e1fdb244f429f4c1682ff49"},
    {file = "pydantic_core-2.10.0-pp310-pypy310_pp73-manylinux_2_5_i686.manylinux1_i686.whl", hash = "sha256:17460ffd8f8e49ca52711b4926fefe2b336d01b63dc27aee432a576c2147c8ce"},
    {file = "pydantic_core-2.10.0-pp310-pypy310_pp73-musllinux_1_1_aarch64.whl", hash = "sha256:c1ab3701d660bd136a22e1ca95292bfed50245eb869adaee2e08f29d4dd5e360"},
    {file = "pydantic_core-2.10.0-pp310-pypy310_pp73-musllinux_1_1_x86_64.whl", hash = "sha256:09ac18617199704327d99c85893d697b8442c18b8c2db1ea636ba83313223541"},
    {file = "pydantic_core-2.10.0-pp310-pypy310_pp73-win_amd64.whl", hash = "sha256:e3f69d48191103587950981cf47c936064c808b6c18f57e745ed130a305c73a6"},
    {file = "pydantic_core-2.10.0-pp37-pypy37_pp73-macosx_10_7_x86_64.whl", hash = "sha256:792af9e4f78d6f1d0aabfb95162c5ed56b5369b25350eaa68b1495e8f675d4d9"},
    {file = "pydantic_core-2.10.0-pp37-pypy37_pp73-manylinux_2_17_aarch64.manylinux2014_aarch64.whl", hash = "sha256:1ecd28fb4c98c97836046d092029017bcc35e060ea547484aa1234b8a592de17"},
    {file = "pydantic_core-2.10.0-pp37-pypy37_pp73-manylinux_2_17_x86_64.manylinux2014_x86_64.whl", hash = "sha256:4a622a8abf656cc51960766fa4d194504e8a9f85ae48032f87fb42c79462c7b8"},
    {file = "pydantic_core-2.10.0-pp37-pypy37_pp73-manylinux_2_5_i686.manylinux1_i686.whl", hash = "sha256:52eb5c61de017bfee422f6aa9a3e76de5aa5a9189ba808bba63b9de67e55c4ca"},
    {file = "pydantic_core-2.10.0-pp37-pypy37_pp73-musllinux_1_1_aarch64.whl", hash = "sha256:69772dcdcf90b677d0d2ecedafe4c6a610572f1fad15912cde28a6f8eb5654fd"},
    {file = "pydantic_core-2.10.0-pp37-pypy37_pp73-musllinux_1_1_x86_64.whl", hash = "sha256:12470a4de172aaa1bbadb45744de4a9b0298fa8f974eb508314c3b5da0cb4aed"},
    {file = "pydantic_core-2.10.0-pp37-pypy37_pp73-win_amd64.whl", hash = "sha256:f9f2c70257f03db712658d4138e2b892bdd7c71472783eaebc2813a47fd29ef3"},
    {file = "pydantic_core-2.10.0-pp38-pypy38_pp73-macosx_10_7_x86_64.whl", hash = "sha256:8a5323d6778931ab1b3b22bac05fb7c961786d3b04a6c84f7c0ffcc331b4b998"},
    {file = "pydantic_core-2.10.0-pp38-pypy38_pp73-macosx_11_0_arm64.whl", hash = "sha256:5f00e83aa9aebbfd4382695a5ed94e6282ac01455fbb1a37d99d2effa29df30f"},
    {file = "pydantic_core-2.10.0-pp38-pypy38_pp73-manylinux_2_17_aarch64.manylinux2014_aarch64.whl", hash = "sha256:c871820c60fc863c7b3f660612af6ce5bb8f5f69d6364f208e29d2ca7992d154"},
    {file = "pydantic_core-2.10.0-pp38-pypy38_pp73-manylinux_2_17_x86_64.manylinux2014_x86_64.whl", hash = "sha256:c1bcb1b9b33573eeef218ffb3a2910c57fedc8831caf3c942e68a2222481d2cc"},
    {file = "pydantic_core-2.10.0-pp38-pypy38_pp73-manylinux_2_5_i686.manylinux1_i686.whl", hash = "sha256:d122a46c360c8069f7ac39c6f2c29cf99436baa48ba1e28ea5443336e9bbb838"},
    {file = "pydantic_core-2.10.0-pp38-pypy38_pp73-musllinux_1_1_aarch64.whl", hash = "sha256:3ffb2a3462bb7905c4d849b95f536ac1f3948e92f5e0fc7e65bd3f3b0d132cf4"},
    {file = "pydantic_core-2.10.0-pp38-pypy38_pp73-musllinux_1_1_x86_64.whl", hash = "sha256:b5d4eec8aba25b163a4d9dcc6be8354bc8f939040bc15a6400cbd62ba0511a5f"},
    {file = "pydantic_core-2.10.0-pp38-pypy38_pp73-win_amd64.whl", hash = "sha256:5cbfe4cd608cf6d032374961e4e07d0506acfaec7b1a69beade1d5f98dce00fd"},
    {file = "pydantic_core-2.10.0-pp39-pypy39_pp73-macosx_10_7_x86_64.whl", hash = "sha256:02b3d546342e7f583bf58f4a4618c7e97f44426db2358789393537dd4e9a921d"},
    {file = "pydantic_core-2.10.0-pp39-pypy39_pp73-macosx_11_0_arm64.whl", hash = "sha256:7820faf076216654ae54ad8a8443a296faaac9057a49ff404ce92ab85c9518a3"},
    {file = "pydantic_core-2.10.0-pp39-pypy39_pp73-manylinux_2_17_aarch64.manylinux2014_aarch64.whl", hash = "sha256:f114130c44ae52b3bd2450dac8e1d3e1e92a92baecb24dbcdb6de2d2fc15bdb5"},
    {file = "pydantic_core-2.10.0-pp39-pypy39_pp73-manylinux_2_17_x86_64.manylinux2014_x86_64.whl", hash = "sha256:9f6f70680c15876c583a24bd476e49004327e87392be0282aedbc65773519ea8"},
    {file = "pydantic_core-2.10.0-pp39-pypy39_pp73-manylinux_2_5_i686.manylinux1_i686.whl", hash = "sha256:3f230d70be54447e12fcd0f1c2319dac74341244fafd2350d5675aa194f6c3f4"},
    {file = "pydantic_core-2.10.0-pp39-pypy39_pp73-musllinux_1_1_aarch64.whl", hash = "sha256:96b3007451863b46e8138f8096ef31aea6f7721a9910843b0554ce4ae17024a2"},
    {file = "pydantic_core-2.10.0-pp39-pypy39_pp73-musllinux_1_1_x86_64.whl", hash = "sha256:b196c4ace34be6c2953c6ec3906d1af88c418b93325d612d7f900ed30bf1e0ac"},
    {file = "pydantic_core-2.10.0-pp39-pypy39_pp73-win_amd64.whl", hash = "sha256:5958b1af7acd7b4a629e9758ce54a31c1910695e85e0ef847ba3daa4f25a0a08"},
    {file = "pydantic_core-2.10.0.tar.gz", hash = "sha256:8fe66506700efdfc699c613ccc4974ac7d8fceed8c74983e55ec380504db2e05"},
]

[package.dependencies]
typing-extensions = ">=4.6.0,<4.7.0 || >4.7.0"

[[package]]
name = "pygments"
version = "2.16.1"
description = "Pygments is a syntax highlighting package written in Python."
optional = false
python-versions = ">=3.7"
files = [
    {file = "Pygments-2.16.1-py3-none-any.whl", hash = "sha256:13fc09fa63bc8d8671a6d247e1eb303c4b343eaee81d861f3404db2935653692"},
    {file = "Pygments-2.16.1.tar.gz", hash = "sha256:1daff0494820c69bc8941e407aa20f577374ee88364ee10a98fdbe0aece96e29"},
]

[package.extras]
plugins = ["importlib-metadata"]

[[package]]
name = "pytest"
version = "7.4.4"
description = "pytest: simple powerful testing with Python"
optional = false
python-versions = ">=3.7"
files = [
    {file = "pytest-7.4.4-py3-none-any.whl", hash = "sha256:b090cdf5ed60bf4c45261be03239c2c1c22df034fbffe691abe93cd80cea01d8"},
    {file = "pytest-7.4.4.tar.gz", hash = "sha256:2cf0005922c6ace4a3e2ec8b4080eb0d9753fdc93107415332f50ce9e7994280"},
]

[package.dependencies]
colorama = {version = "*", markers = "sys_platform == \"win32\""}
iniconfig = "*"
packaging = "*"
pluggy = ">=0.12,<2.0"

[package.extras]
testing = ["argcomplete", "attrs (>=19.2.0)", "hypothesis (>=3.56)", "mock", "nose", "pygments (>=2.7.2)", "requests", "setuptools", "xmlschema"]

[[package]]
name = "pytest-xdist"
version = "3.5.0"
description = "pytest xdist plugin for distributed testing, most importantly across multiple CPUs"
optional = false
python-versions = ">=3.7"
files = [
    {file = "pytest-xdist-3.5.0.tar.gz", hash = "sha256:cbb36f3d67e0c478baa57fa4edc8843887e0f6cfc42d677530a36d7472b32d8a"},
    {file = "pytest_xdist-3.5.0-py3-none-any.whl", hash = "sha256:d075629c7e00b611df89f490a5063944bee7a4362a5ff11c7cc7824a03dfce24"},
]

[package.dependencies]
execnet = ">=1.1"
pytest = ">=6.2.0"

[package.extras]
psutil = ["psutil (>=3.0)"]
setproctitle = ["setproctitle"]
testing = ["filelock"]

[[package]]
name = "python-dateutil"
version = "2.8.2"
description = "Extensions to the standard Python datetime module"
optional = false
python-versions = "!=3.0.*,!=3.1.*,!=3.2.*,>=2.7"
files = [
    {file = "python-dateutil-2.8.2.tar.gz", hash = "sha256:0123cacc1627ae19ddf3c27a5de5bd67ee4586fbdd6440d9748f8abb483d3e86"},
    {file = "python_dateutil-2.8.2-py2.py3-none-any.whl", hash = "sha256:961d03dc3453ebbc59dbdea9e4e11c5651520a876d0f4db161e8674aae935da9"},
]

[package.dependencies]
six = ">=1.5"

[[package]]
name = "pytz"
version = "2023.3.post1"
description = "World timezone definitions, modern and historical"
optional = false
python-versions = "*"
files = [
    {file = "pytz-2023.3.post1-py2.py3-none-any.whl", hash = "sha256:ce42d816b81b68506614c11e8937d3aa9e41007ceb50bfdcb0749b921bf646c7"},
    {file = "pytz-2023.3.post1.tar.gz", hash = "sha256:7b4fddbeb94a1eba4b557da24f19fdf9db575192544270a9101d8509f9f43d7b"},
]

[[package]]
name = "rich"
version = "13.5.2"
description = "Render rich text, tables, progress bars, syntax highlighting, markdown and more to the terminal"
optional = false
python-versions = ">=3.7.0"
files = [
    {file = "rich-13.5.2-py3-none-any.whl", hash = "sha256:146a90b3b6b47cac4a73c12866a499e9817426423f57c5a66949c086191a8808"},
    {file = "rich-13.5.2.tar.gz", hash = "sha256:fb9d6c0a0f643c99eed3875b5377a184132ba9be4d61516a55273d3554d75a39"},
]

[package.dependencies]
markdown-it-py = ">=2.2.0"
pygments = ">=2.13.0,<3.0.0"

[package.extras]
jupyter = ["ipywidgets (>=7.5.1,<9)"]

[[package]]
name = "six"
version = "1.16.0"
description = "Python 2 and 3 compatibility utilities"
optional = false
python-versions = ">=2.7, !=3.0.*, !=3.1.*, !=3.2.*"
files = [
    {file = "six-1.16.0-py2.py3-none-any.whl", hash = "sha256:8abb2f1d86890a2dfb989f9a77cfcfd3e47c2a354b01111771326f8aa26e0254"},
    {file = "six-1.16.0.tar.gz", hash = "sha256:1e61c37477a1626458e36f7b1d82aa5c9b094fa4802892072e49de9c60c4c926"},
]

[[package]]
name = "sniffio"
version = "1.3.0"
description = "Sniff out which async library your code is running under"
optional = false
python-versions = ">=3.7"
files = [
    {file = "sniffio-1.3.0-py3-none-any.whl", hash = "sha256:eecefdce1e5bbfb7ad2eeaabf7c1eeb404d7757c379bd1f7e5cce9d8bf425384"},
    {file = "sniffio-1.3.0.tar.gz", hash = "sha256:e60305c5e5d314f5389259b7f22aaa33d8f7dee49763119234af3755c55b9101"},
]

[[package]]
name = "typing-extensions"
version = "4.7.1"
description = "Backported and Experimental Type Hints for Python 3.7+"
optional = false
python-versions = ">=3.7"
files = [
    {file = "typing_extensions-4.7.1-py3-none-any.whl", hash = "sha256:440d5dd3af93b060174bf433bccd69b0babc3b15b1a8dca43789fd7f61514b36"},
    {file = "typing_extensions-4.7.1.tar.gz", hash = "sha256:b75ddc264f0ba5615db7ba217daeb99701ad295353c45f9e95963337ceeeffb2"},
]

[[package]]
name = "tzdata"
version = "2023.4"
description = "Provider of IANA time zone data"
optional = false
python-versions = ">=2"
files = [
    {file = "tzdata-2023.4-py2.py3-none-any.whl", hash = "sha256:aa3ace4329eeacda5b7beb7ea08ece826c28d761cda36e747cfbf97996d39bf3"},
    {file = "tzdata-2023.4.tar.gz", hash = "sha256:dd54c94f294765522c77399649b4fefd95522479a664a0cec87f41bebc6148c9"},
]

[metadata]
lock-version = "2.0"
python-versions = "^3.11"
content-hash = "acb8bc235591f2e8d2353fae12f03ae6ab9123109c3b728b1aba5d7698d05901"
